# This file is autogenerated, do not edit; changes may be undone by the next 'dep ensure'.


[[projects]]
  branch = "master"
  digest = "1:ad39fd60938228c0023b097a8e51cf18c1d7a1bbaa8fc6376a82cd3faa09023c"
  name = "github.com/abiosoft/semaphore"
  packages = ["."]
  pruneopts = "UT"
  revision = "cb737ff681bd644054d04b9e420135e01179114d"

[[projects]]
  branch = "master"
  digest = "1:3fcb02caf976bfa9801fd602de937a31a8bfb597efa7b2727bdfaec2dd18c41e"
  name = "github.com/dropbox/godropbox"
  packages = [
    "errors",
    "sync2",
  ]
  pruneopts = "UT"
  revision = "31879d3884b90dd94c44c85c0e4f1aff3bbb90e2"

[[projects]]
  digest = "1:62329da459b06a77947e151bbd9d6d798b930e6e687752a8ce69ec6cf0765c01"
  name = "github.com/kamilsk/semaphore"
  packages = ["."]
  pruneopts = "UT"
  revision = "d748542cefc65c6270baa4eef1812374f3d57991"
  version = "4.3.0"

[[projects]]
  branch = "master"
  digest = "1:072cc4101a8bdb22bdafbcf620c67f87379280b05bd9f8755833197982f0dacf"
  name = "github.com/pivotal-golang/semaphore"
  packages = ["."]
  pruneopts = "UT"
  revision = "8d2d0aa1f213493f9ef531ad673a08930c360312"

[[projects]]
  branch = "master"
  digest = "1:76ee51c3f468493aff39dbacc401e8831fbb765104cbf613b89bef01cf4bad70"
  name = "golang.org/x/net"
  packages = ["context"]
  pruneopts = "UT"
  revision = "9b4f9f5ad5197c79fd623a3638e70d8b26cef344"

[[projects]]
  branch = "master"
  digest = "1:e0140c0c868c6e0f01c0380865194592c011fe521d6e12d78bfd33e756fe018a"
  name = "golang.org/x/sync"
  packages = ["semaphore"]
  pruneopts = "UT"
  revision = "1d60e4601c6fd243af51cc01ddf169918a5407ca"

[solve-meta]
  analyzer-name = "dep"
  analyzer-version = 1
  input-imports = [
    "github.com/abiosoft/semaphore",
    "github.com/dropbox/godropbox/sync2",
    "github.com/kamilsk/semaphore",
    "github.com/pivotal-golang/semaphore",
    "golang.org/x/sync/semaphore",
  ]
  solver-name = "gps-cdcl"
  solver-version = 1
